PODS:
  - CocoaAsyncSocket (7.6.4)

DEPENDENCIES:
  - CocoaAsyncSocket

SPEC REPOS:
  https://github.com/CocoaPods/Specs.git:
    - CocoaAsyncSocket

SPEC CHECKSUMS:
  CocoaAsyncSocket: 694058e7c0ed05a9e217d1b3c7ded962f4180845

PODFILE CHECKSUM: 2c1e15db5cf6787d1b6acc17941c01cb07f6f05b

COCOAPODS: 1.9.1
